
Microsoft Visual Studio Solution File, Format Version 12.00
# Visual Studio Version 17
VisualStudioVersion = 17.7.34018.315
MinimumVisualStudioVersion = 10.0.40219.1
Project("{FAE04EC0-301F-11D3-BF4B-00C04F79EFBC}") = "ApiWebGremioVersion2", "ApiWebGremioVersion2\ApiWebGremioVersion2.csproj", "{30557E89-33E1-4B0A-8293-F9D2543DC8DD}"
EndProject
Global
	GlobalSection(SolutionConfigurationPlatforms) = preSolution
		Debug|Any CPU = Debug|Any CPU
		Release|Any CPU = Release|Any CPU
	EndGlobalSection
	GlobalSection(ProjectConfigurationPlatforms) = postSolution
		{30557E89-33E1-4B0A-8293-F9D2543DC8DD}.Debug|Any CPU.ActiveCfg = Debug|Any CPU
		{30557E89-33E1-4B0A-8293-F9D2543DC8DD}.Debug|Any CPU.Build.0 = Debug|Any CPU
		{30557E89-33E1-4B0A-8293-F9D2543DC8DD}.Release|Any CPU.ActiveCfg = Release|Any CPU
		{30557E89-33E1-4B0A-8293-F9D2543DC8DD}.Release|Any CPU.Build.0 = Release|Any CPU
	EndGlobalSection
	GlobalSection(SolutionProperties) = preSolution
		HideSolutionNode = FALSE
	EndGlobalSection
	GlobalSection(ExtensibilityGlobals) = postSolution
		SolutionGuid = {4BB52D99-3D8E-44A8-A892-5CF569F2DDD4}
	EndGlobalSection
EndGlobal
